
Microsoft Visual Studio Solution File, Format Version 12.00
# Visual Studio Version 16
VisualStudioVersion = 16.0.30907.101
MinimumVisualStudioVersion = 10.0.40219.1
Project("{FAE04EC0-301F-11D3-BF4B-00C04F79EFBC}") = "YouTubeEgitim", "YouTubeEgitim.csproj", "{37B35ABF-5346-4E77-AB14-BB42BDDC3517}"
EndProject
Global
	GlobalSection(SolutionConfigurationPlatforms) = preSolution
		Debug|Any CPU = Debug|Any CPU
		Release|Any CPU = Release|Any CPU
	EndGlobalSection
	GlobalSection(ProjectConfigurationPlatforms) = postSolution
		{37B35ABF-5346-4E77-AB14-BB42BDDC3517}.Debug|Any CPU.ActiveCfg = Debug|Any CPU
		{37B35ABF-5346-4E77-AB14-BB42BDDC3517}.Debug|Any CPU.Build.0 = Debug|Any CPU
		{37B35ABF-5346-4E77-AB14-BB42BDDC3517}.Release|Any CPU.ActiveCfg = Release|Any CPU
		{37B35ABF-5346-4E77-AB14-BB42BDDC3517}.Release|Any CPU.Build.0 = Release|Any CPU
	EndGlobalSection
	GlobalSection(SolutionProperties) = preSolution
		HideSolutionNode = FALSE
	EndGlobalSection
	GlobalSection(ExtensibilityGlobals) = postSolution
		SolutionGuid = {2F213D6B-83B8-4595-B174-AE4D08413469}
	EndGlobalSection
EndGlobal
